// !$*UTF8*$!
{
	archiveVersion = 1;
	classes = {
	};
	objectVersion = 55;
	objects = {

/* Begin PBXBuildFile section */
		2C11042529404A550083C930 /* AppDelegate.swift in Sources */ = {isa = PBXBuildFile; fileRef = 2C11042429404A550083C930 /* AppDelegate.swift */; };
		2C11042729404A550083C930 /* SceneDelegate.swift in Sources */ = {isa = PBXBuildFile; fileRef = 2C11042629404A550083C930 /* SceneDelegate.swift */; };
		2C11042929404A550083C930 /* ViewController.swift in Sources */ = {isa = PBXBuildFile; fileRef = 2C11042829404A550083C930 /* ViewController.swift */; };
		2C11042C29404A550083C930 /* Main.storyboard in Resources */ = {isa = PBXBuildFile; fileRef = 2C11042A29404A550083C930 /* Main.storyboard */; };
		2C11042E29404A560083C930 /* Assets.xcassets in Resources */ = {isa = PBXBuildFile; fileRef = 2C11042D29404A560083C930 /* Assets.xcassets */; };
		2C11043129404A560083C930 /* LaunchScreen.storyboard in Resources */ = {isa = PBXBuildFile; fileRef = 2C11042F29404A560083C930 /* LaunchScreen.storyboard */; };
		2C11043C29404A570083C930 /* DiligenceTests.swift in Sources */ = {isa = PBXBuildFile; fileRef = 2C11043B29404A570083C930 /* DiligenceTests.swift */; };
		2C11044629404A570083C930 /* DiligenceUITests.swift in Sources */ = {isa = PBXBuildFile; fileRef = 2C11044529404A570083C930 /* DiligenceUITests.swift */; };
		2C11044829404A570083C930 /* DiligenceUITestsLaunchTests.swift in Sources */ = {isa = PBXBuildFile; fileRef = 2C11044729404A570083C930 /* DiligenceUITestsLaunchTests.swift */; };
		2C11045529404A700083C930 /* D_TabBarController.swift in Sources */ = {isa = PBXBuildFile; fileRef = 2C11045429404A6F0083C930 /* D_TabBarController.swift */; };
/* End PBXBuildFile section */

/* Begin PBXContainerItemProxy section */
		2C11043829404A570083C930 /* PBXContainerItemProxy */ = {
			isa = PBXContainerItemProxy;
			containerPortal = 2C11041929404A550083C930 /* Project object */;
			proxyType = 1;
			remoteGlobalIDString = 2C11042029404A550083C930;
			remoteInfo = Diligence;
		};
		2C11044229404A570083C930 /* PBXContainerItemProxy */ = {
			isa = PBXContainerItemProxy;
			containerPortal = 2C11041929404A550083C930 /* Project object */;
			proxyType = 1;
			remoteGlobalIDString = 2C11042029404A550083C930;
			remoteInfo = Diligence;
		};
/* End PBXContainerItemProxy section */

/* Begin PBXFileReference section */
		2C11042129404A550083C930 /* Diligence.app */ = {isa = PBXFileReference; explicitFileType = wrapper.application; includeInIndex = 0; path = Diligence.app; sourceTree = BUILT_PRODUCTS_DIR; };
		2C11042429404A550083C930 /* AppDelegate.swift */ = {isa = PBXFileReference; lastKnownFileType = sourcecode.swift; path = AppDelegate.swift; sourceTree = "<group>"; };
		2C11042629404A550083C930 /* SceneDelegate.swift */ = {isa = PBXFileReference; lastKnownFileType = sourcecode.swift; path = SceneDelegate.swift; sourceTree = "<group>"; };
		2C11042829404A550083C930 /* ViewController.swift */ = {isa = PBXFileReference; lastKnownFileType = sourcecode.swift; path = ViewController.swift; sourceTree = "<group>"; };
		2C11042B29404A550083C930 /* Base */ = {isa = PBXFileReference; lastKnownFileType = file.storyboard; name = Base; path = Base.lproj/Main.storyboard; sourceTree = "<group>"; };
		2C11042D29404A560083C930 /* Assets.xcassets */ = {isa = PBXFileReference; lastKnownFileType = folder.assetcatalog; path = Assets.xcassets; sourceTree = "<group>"; };
		2C11043029404A560083C930 /* Base */ = {isa = PBXFileReference; lastKnownFileType = file.storyboard; name = Base; path = Base.lproj/LaunchScreen.storyboard; sourceTree = "<group>"; };
		2C11043229404A560083C930 /* Info.plist */ = {isa = PBXFileReference; lastKnownFileType = text.plist.xml; path = Info.plist; sourceTree = "<group>"; };
		2C11043729404A570083C930 /* DiligenceTests.xctest */ = {isa = PBXFileReference; explicitFileType = wrapper.cfbundle; includeInIndex = 0; path = DiligenceTests.xctest; sourceTree = BUILT_PRODUCTS_DIR; };
		2C11043B29404A570083C930 /* DiligenceTests.swift */ = {isa = PBXFileReference; lastKnownFileType = sourcecode.swift; path = DiligenceTests.swift; sourceTree = "<group>"; };
		2C11044129404A570083C930 /* DiligenceUITests.xctest */ = {isa = PBXFileReference; explicitFileType = wrapper.cfbundle; includeInIndex = 0; path = DiligenceUITests.xctest; sourceTree = BUILT_PRODUCTS_DIR; };
		2C11044529404A570083C930 /* DiligenceUITests.swift */ = {isa = PBXFileReference; lastKnownFileType = sourcecode.swift; path = DiligenceUITests.swift; sourceTree = "<group>"; };
		2C11044729404A570083C930 /* DiligenceUITestsLaunchTests.swift */ = {isa = PBXFileReference; lastKnownFileType = sourcecode.swift; path = DiligenceUITestsLaunchTests.swift; sourceTree = "<group>"; };
		2C11045429404A6F0083C930 /* D_TabBarController.swift */ = {isa = PBXFileReference; lastKnownFileType = sourcecode.swift; path = D_TabBarController.swift; sourceTree = "<group>"; };
/* End PBXFileReference section */

/* Begin PBXFrameworksBuildPhase section */
		2C11041E29404A550083C930 /* Frameworks */ = {
			isa = PBXFrameworksBuildPhase;
			buildActionMask = 2147483647;
			files = (
			);
			runOnlyForDeploymentPostprocessing = 0;
		};
		2C11043429404A570083C930 /* Frameworks */ = {
			isa = PBXFrameworksBuildPhase;
			buildActionMask = 2147483647;
			files = (
			);
			runOnlyForDeploymentPostprocessing = 0;
		};
		2C11043E29404A570083C930 /* Frameworks */ = {
			isa = PBXFrameworksBuildPhase;
			buildActionMask = 2147483647;
			files = (
			);
			runOnlyForDeploymentPostprocessing = 0;
		};
/* End PBXFrameworksBuildPhase section */

/* Begin PBXGroup section */
		2C11041829404A550083C930 = {
			isa = PBXGroup;
			children = (
				2C11042329404A550083C930 /* Diligence */,
				2C11043A29404A570083C930 /* DiligenceTests */,
				2C11044429404A570083C930 /* DiligenceUITests */,
				2C11042229404A550083C930 /* Products */,
			);
			sourceTree = "<group>";
		};
		2C11042229404A550083C930 /* Products */ = {
			isa = PBXGroup;
			children = (
				2C11042129404A550083C930 /* Diligence.app */,
				2C11043729404A570083C930 /* DiligenceTests.xctest */,
				2C11044129404A570083C930 /* DiligenceUITests.xctest */,
			);
			name = Products;
			sourceTree = "<group>";
		};
		2C11042329404A550083C930 /* Diligence */ = {
			isa = PBXGroup;
			children = (
				2C11042429404A550083C930 /* AppDelegate.swift */,
				2C11042629404A550083C930 /* SceneDelegate.swift */,
				2C11045429404A6F0083C930 /* D_TabBarController.swift */,
				2C11042829404A550083C930 /* ViewController.swift */,
				2C11042A29404A550083C930 /* Main.storyboard */,
				2C11042D29404A560083C930 /* Assets.xcassets */,
				2C11042F29404A560083C930 /* LaunchScreen.storyboard */,
				2C11043229404A560083C930 /* Info.plist */,
			);
			path = Diligence;
			sourceTree = "<group>";
		};
		2C11043A29404A570083C930 /* DiligenceTests */ = {
			isa = PBXGroup;
			children = (
				2C11043B29404A570083C930 /* DiligenceTests.swift */,
			);
			path = DiligenceTests;
			sourceTree = "<group>";
		};
		2C11044429404A570083C930 /* DiligenceUITests */ = {
			isa = PBXGroup;
			children = (
				2C11044529404A570083C930 /* DiligenceUITests.swift */,
				2C11044729404A570083C930 /* DiligenceUITestsLaunchTests.swift */,
			);
			path = DiligenceUITests;
			sourceTree = "<group>";
		};
/* End PBXGroup section */

/* Begin PBXNativeTarget section */
		2C11042029404A550083C930 /* Diligence */ = {
			isa = PBXNativeTarget;
			buildConfigurationList = 2C11044B29404A570083C930 /* Build configuration list for PBXNativeTarget "Diligence" */;
			buildPhases = (
				2C11041D29404A550083C930 /* Sources */,
				2C11041E29404A550083C930 /* Frameworks */,
				2C11041F29404A550083C930 /* Resources */,
			);
			buildRules = (
			);
			dependencies = (
			);
			name = Diligence;
			productName = Diligence;
			productReference = 2C11042129404A550083C930 /* Diligence.app */;
			productType = "com.apple.product-type.application";
		};
		2C11043629404A570083C930 /* DiligenceTests */ = {
			isa = PBXNativeTarget;
			buildConfigurationList = 2C11044E29404A570083C930 /* Build configuration list for PBXNativeTarget "DiligenceTests" */;
			buildPhases = (
				2C11043329404A570083C930 /* Sources */,
				2C11043429404A570083C930 /* Frameworks */,
				2C11043529404A570083C930 /* Resources */,
			);
			buildRules = (
			);
			dependencies = (
				2C11043929404A570083C930 /* PBXTargetDependency */,
			);
			name = DiligenceTests;
			productName = DiligenceTests;
			productReference = 2C11043729404A570083C930 /* DiligenceTests.xctest */;
			productType = "com.apple.product-type.bundle.unit-test";
		};
		2C11044029404A570083C930 /* DiligenceUITests */ = {
			isa = PBXNativeTarget;
			buildConfigurationList = 2C11045129404A570083C930 /* Build configuration list for PBXNativeTarget "DiligenceUITests" */;
			buildPhases = (
				2C11043D29404A570083C930 /* Sources */,
				2C11043E29404A570083C930 /* Frameworks */,
				2C11043F29404A570083C930 /* Resources */,
			);
			buildRules = (
			);
			dependencies = (
				2C11044329404A570083C930 /* PBXTargetDependency */,
			);
			name = DiligenceUITests;
			productName = DiligenceUITests;
			productReference = 2C11044129404A570083C930 /* DiligenceUITests.xctest */;
			productType = "com.apple.product-type.bundle.ui-testing";
		};
/* End PBXNativeTarget section */

/* Begin PBXProject section */
		2C11041929404A550083C930 /* Project object */ = {
			isa = PBXProject;
			attributes = {
				BuildIndependentTargetsInParallel = 1;
				LastSwiftUpdateCheck = 1340;
				LastUpgradeCheck = 1340;
				TargetAttributes = {
					2C11042029404A550083C930 = {
						CreatedOnToolsVersion = 13.4;
					};
					2C11043629404A570083C930 = {
						CreatedOnToolsVersion = 13.4;
						TestTargetID = 2C11042029404A550083C930;
					};
					2C11044029404A570083C930 = {
						CreatedOnToolsVersion = 13.4;
						TestTargetID = 2C11042029404A550083C930;
					};
				};
			};
			buildConfigurationList = 2C11041C29404A550083C930 /* Build configuration list for PBXProject "Diligence" */;
			compatibilityVersion = "Xcode 13.0";
			developmentRegion = en;
			hasScannedForEncodings = 0;
			knownRegions = (
				en,
				Base,
			);
			mainGroup = 2C11041829404A550083C930;
			productRefGroup = 2C11042229404A550083C930 /* Products */;
			projectDirPath = "";
			projectRoot = "";
			targets = (
				2C11042029404A550083C930 /* Diligence */,
				2C11043629404A570083C930 /* DiligenceTests */,
				2C11044029404A570083C930 /* DiligenceUITests */,
			);
		};
/* End PBXProject section */

/* Begin PBXResourcesBuildPhase section */
		2C11041F29404A550083C930 /* Resources */ = {
			isa = PBXResourcesBuildPhase;
			buildActionMask = 2147483647;
			files = (
				2C11043129404A560083C930 /* LaunchScreen.storyboard in Resources */,
				2C11042E29404A560083C930 /* Assets.xcassets in Resources */,
				2C11042C29404A550083C930 /* Main.storyboard in Resources */,
			);
			runOnlyForDeploymentPostprocessing = 0;
		};
		2C11043529404A570083C930 /* Resources */ = {
			isa = PBXResourcesBuildPhase;
			buildActionMask = 2147483647;
			files = (
			);
			runOnlyForDeploymentPostprocessing = 0;
		};
		2C11043F29404A570083C930 /* Resources */ = {
			isa = PBXResourcesBuildPhase;
			buildActionMask = 2147483647;
			files = (
			);
			runOnlyForDeploymentPostprocessing = 0;
		};
/* End PBXResourcesBuildPhase section */

/* Begin PBXSourcesBuildPhase section */
		2C11041D29404A550083C930 /* Sources */ = {
			isa = PBXSourcesBuildPhase;
			buildActionMask = 2147483647;
			files = (
				2C11042929404A550083C930 /* ViewController.swift in Sources */,
				2C11042529404A550083C930 /* AppDelegate.swift in Sources */,
				2C11045529404A700083C930 /* D_TabBarController.swift in Sources */,
				2C11042729404A550083C930 /* SceneDelegate.swift in Sources */,
			);
			runOnlyForDeploymentPostprocessing = 0;
		};
		2C11043329404A570083C930 /* Sources */ = {
			isa = PBXSourcesBuildPhase;
			buildActionMask = 2147483647;
			files = (
				2C11043C29404A570083C930 /* DiligenceTests.swift in Sources */,
			);
			runOnlyForDeploymentPostprocessing = 0;
		};
		2C11043D29404A570083C930 /* Sources */ = {
			isa = PBXSourcesBuildPhase;
			buildActionMask = 2147483647;
			files = (
				2C11044629404A570083C930 /* DiligenceUITests.swift in Sources */,
				2C11044829404A570083C930 /* DiligenceUITestsLaunchTests.swift in Sources */,
			);
			runOnlyForDeploymentPostprocessing = 0;
		};
/* End PBXSourcesBuildPhase section */

/* Begin PBXTargetDependency section */
		2C11043929404A570083C930 /* PBXTargetDependency */ = {
			isa = PBXTargetDependency;
			target = 2C11042029404A550083C930 /* Diligence */;
			targetProxy = 2C11043829404A570083C930 /* PBXContainerItemProxy */;
		};
		2C11044329404A570083C930 /* PBXTargetDependency */ = {
			isa = PBXTargetDependency;
			target = 2C11042029404A550083C930 /* Diligence */;
			targetProxy = 2C11044229404A570083C930 /* PBXContainerItemProxy */;
		};
/* End PBXTargetDependency section */

/* Begin PBXVariantGroup section */
		2C11042A29404A550083C930 /* Main.storyboard */ = {
			isa = PBXVariantGroup;
			children = (
				2C11042B29404A550083C930 /* Base */,
			);
			name = Main.storyboard;
			sourceTree = "<group>";
		};
		2C11042F29404A560083C930 /* LaunchScreen.storyboard */ = {
			isa = PBXVariantGroup;
			children = (
				2C11043029404A560083C930 /* Base */,
			);
			name = LaunchScreen.storyboard;
			sourceTree = "<group>";
		};
/* End PBXVariantGroup section */

/* Begin XCBuildConfiguration section */
		2C11044929404A570083C930 /* Debug */ = {
			isa = XCBuildConfiguration;
			buildSettings = {
				ALWAYS_SEARCH_USER_PATHS = NO;
				CLANG_ANALYZER_NONNULL = YES;
				CLANG_ANALYZER_NUMBER_OBJECT_CONVERSION = YES_AGGRESSIVE;
				CLANG_CXX_LANGUAGE_STANDARD = "gnu++17";
				CLANG_ENABLE_MODULES = YES;
				CLANG_ENABLE_OBJC_ARC = YES;
				CLANG_ENABLE_OBJC_WEAK = YES;
				CLANG_WARN_BLOCK_CAPTURE_AUTORELEASING = YES;
				CLANG_WARN_BOOL_CONVERSION = YES;
				CLANG_WARN_COMMA = YES;
				CLANG_WARN_CONSTANT_CONVERSION = YES;
				CLANG_WARN_DEPRECATED_OBJC_IMPLEMENTATIONS = YES;
				CLANG_WARN_DIRECT_OBJC_ISA_USAGE = YES_ERROR;
				CLANG_WARN_DOCUMENTATION_COMMENTS = YES;
				CLANG_WARN_EMPTY_BODY = YES;
				CLANG_WARN_ENUM_CONVERSION = YES;
				CLANG_WARN_INFINITE_RECURSION = YES;
				CLANG_WARN_INT_CONVERSION = YES;
				CLANG_WARN_NON_LITERAL_NULL_CONVERSION = YES;
				CLANG_WARN_OBJC_IMPLICIT_RETAIN_SELF = YES;
				CLANG_WARN_OBJC_LITERAL_CONVERSION = YES;
				CLANG_WARN_OBJC_ROOT_CLASS = YES_ERROR;
				CLANG_WARN_QUOTED_INCLUDE_IN_FRAMEWORK_HEADER = YES;
				CLANG_WARN_RANGE_LOOP_ANALYSIS = YES;
				CLANG_WARN_STRICT_PROTOTYPES = YES;
				CLANG_WARN_SUSPICIOUS_MOVE = YES;
				CLANG_WARN_UNGUARDED_AVAILABILITY = YES_AGGRESSIVE;
				CLANG_WARN_UNREACHABLE_CODE = YES;
				CLANG_WARN__DUPLICATE_METHOD_MATCH = YES;
				COPY_PHASE_STRIP = NO;
				DEBUG_INFORMATION_FORMAT = dwarf;
				ENABLE_STRICT_OBJC_MSGSEND = YES;
				ENABLE_TESTABILITY = YES;
				GCC_C_LANGUAGE_STANDARD = gnu11;
				GCC_DYNAMIC_NO_PIC = NO;
				GCC_NO_COMMON_BLOCKS = YES;
				GCC_OPTIMIZATION_LEVEL = 0;
				GCC_PREPROCESSOR_DEFINITIONS = (
					"DEBUG=1",
					"$(inherited)",
				);
				GCC_WARN_64_TO_32_BIT_CONVERSION = YES;
				GCC_WARN_ABOUT_RETURN_TYPE = YES_ERROR;
				GCC_WARN_UNDECLARED_SELECTOR = YES;
				GCC_WARN_UNINITIALIZED_AUTOS = YES_AGGRESSIVE;
				GCC_WARN_UNUSED_FUNCTION = YES;
				GCC_WARN_UNUSED_VARIABLE = YES;
				IPHONEOS_DEPLOYMENT_TARGET = 15.5;
				MTL_ENABLE_DEBUG_INFO = INCLUDE_SOURCE;
				MTL_FAST_MATH = YES;
				ONLY_ACTIVE_ARCH = YES;
				SDKROOT = iphoneos;
				SWIFT_ACTIVE_COMPILATION_CONDITIONS = DEBUG;
				SWIFT_OPTIMIZATION_LEVEL = "-Onone";
			};
			name = Debug;
		};
		2C11044A29404A570083C930 /* Release */ = {
			isa = XCBuildConfiguration;
			buildSettings = {
				ALWAYS_SEARCH_USER_PATHS = NO;
				CLANG_ANALYZER_NONNULL = YES;
				CLANG_ANALYZER_NUMBER_OBJECT_CONVERSION = YES_AGGRESSIVE;
				CLANG_CXX_LANGUAGE_STANDARD = "gnu++17";
				CLANG_ENABLE_MODULES = YES;
				CLANG_ENABLE_OBJC_ARC = YES;
				CLANG_ENABLE_OBJC_WEAK = YES;
				CLANG_WARN_BLOCK_CAPTURE_AUTORELEASING = YES;
				CLANG_WARN_BOOL_CONVERSION = YES;
				CLANG_WARN_COMMA = YES;
				CLANG_WARN_CONSTANT_CONVERSION = YES;
				CLANG_WARN_DEPRECATED_OBJC_IMPLEMENTATIONS = YES;
				CLANG_WARN_DIRECT_OBJC_ISA_USAGE = YES_ERROR;
				CLANG_WARN_DOCUMENTATION_COMMENTS = YES;
				CLANG_WARN_EMPTY_BODY = YES;
				CLANG_WARN_ENUM_CONVERSION = YES;
				CLANG_WARN_INFINITE_RECURSION = YES;
				CLANG_WARN_INT_CONVERSION = YES;
				CLANG_WARN_NON_LITERAL_NULL_CONVERSION = YES;
				CLANG_WARN_OBJC_IMPLICIT_RETAIN_SELF = YES;
				CLANG_WARN_OBJC_LITERAL_CONVERSION = YES;
				CLANG_WARN_OBJC_ROOT_CLASS = YES_ERROR;
				CLANG_WARN_QUOTED_INCLUDE_IN_FRAMEWORK_HEADER = YES;
				CLANG_WARN_RANGE_LOOP_ANALYSIS = YES;
				CLANG_WARN_STRICT_PROTOTYPES = YES;
				CLANG_WARN_SUSPICIOUS_MOVE = YES;
				CLANG_WARN_UNGUARDED_AVAILABILITY = YES_AGGRESSIVE;
				CLANG_WARN_UNREACHABLE_CODE = YES;
				CLANG_WARN__DUPLICATE_METHOD_MATCH = YES;
				COPY_PHASE_STRIP = NO;
				DEBUG_INFORMATION_FORMAT = "dwarf-with-dsym";
				ENABLE_NS_ASSERTIONS = NO;
				ENABLE_STRICT_OBJC_MSGSEND = YES;
				GCC_C_LANGUAGE_STANDARD = gnu11;
				GCC_NO_COMMON_BLOCKS = YES;
				GCC_WARN_64_TO_32_BIT_CONVERSION = YES;
				GCC_WARN_ABOUT_RETURN_TYPE = YES_ERROR;
				GCC_WARN_UNDECLARED_SELECTOR = YES;
				GCC_WARN_UNINITIALIZED_AUTOS = YES_AGGRESSIVE;
				GCC_WARN_UNUSED_FUNCTION = YES;
				GCC_WARN_UNUSED_VARIABLE = YES;
				IPHONEOS_DEPLOYMENT_TARGET = 15.5;
				MTL_ENABLE_DEBUG_INFO = NO;
				MTL_FAST_MATH = YES;
				SDKROOT = iphoneos;
				SWIFT_COMPILATION_MODE = wholemodule;
				SWIFT_OPTIMIZATION_LEVEL = "-O";
				VALIDATE_PRODUCT = YES;
			};
			name = Release;
		};
		2C11044C29404A570083C930 /* Debug */ = {
			isa = XCBuildConfiguration;
			buildSettings = {
				ASSETCATALOG_COMPILER_APPICON_NAME = AppIcon;
				ASSETCATALOG_COMPILER_GLOBAL_ACCENT_COLOR_NAME = AccentColor;
				CODE_SIGN_STYLE = Automatic;
				CURRENT_PROJECT_VERSION = 1;
				DEVELOPMENT_TEAM = NYZ928TFY4;
				GENERATE_INFOPLIST_FILE = YES;
				INFOPLIST_FILE = Diligence/Info.plist;
				INFOPLIST_KEY_UIApplicationSupportsIndirectInputEvents = YES;
				INFOPLIST_KEY_UISupportedInterfaceOrientations_iPad = "UIInterfaceOrientationPortrait UIInterfaceOrientationPortraitUpsideDown UIInterfaceOrientationLandscapeLeft UIInterfaceOrientationLandscapeRight";
				INFOPLIST_KEY_UISupportedInterfaceOrientations_iPhone = "UIInterfaceOrientationPortrait UIInterfaceOrientationLandscapeLeft UIInterfaceOrientationLandscapeRight";
				LD_RUNPATH_SEARCH_PATHS = (
					"$(inherited)",
					"@executable_path/Frameworks",
				);
				MARKETING_VERSION = 1.0;
				PRODUCT_BUNDLE_IDENTIFIER = ADT.Diligence;
				PRODUCT_NAME = "$(TARGET_NAME)";
				SWIFT_EMIT_LOC_STRINGS = YES;
				SWIFT_VERSION = 5.0;
				TARGETED_DEVICE_FAMILY = "1,2";
			};
			name = Debug;
		};
		2C11044D29404A570083C930 /* Release */ = {
			isa = XCBuildConfiguration;
			buildSettings = {
				ASSETCATALOG_COMPILER_APPICON_NAME = AppIcon;
				ASSETCATALOG_COMPILER_GLOBAL_ACCENT_COLOR_NAME = AccentColor;
				CODE_SIGN_STYLE = Automatic;
				CURRENT_PROJECT_VERSION = 1;
				DEVELOPMENT_TEAM = NYZ928TFY4;
				GENERATE_INFOPLIST_FILE = YES;
				INFOPLIST_FILE = Diligence/Info.plist;
				INFOPLIST_KEY_UIApplicationSupportsIndirectInputEvents = YES;
				INFOPLIST_KEY_UISupportedInterfaceOrientations_iPad = "UIInterfaceOrientationPortrait UIInterfaceOrientationPortraitUpsideDown UIInterfaceOrientationLandscapeLeft UIInterfaceOrientationLandscapeRight";
				INFOPLIST_KEY_UISupportedInterfaceOrientations_iPhone = "UIInterfaceOrientationPortrait UIInterfaceOrientationLandscapeLeft UIInterfaceOrientationLandscapeRight";
				LD_RUNPATH_SEARCH_PATHS = (
					"$(inherited)",
					"@executable_path/Frameworks",
				);
				MARKETING_VERSION = 1.0;
				PRODUCT_BUNDLE_IDENTIFIER = ADT.Diligence;
				PRODUCT_NAME = "$(TARGET_NAME)";
				SWIFT_EMIT_LOC_STRINGS = YES;
				SWIFT_VERSION = 5.0;
				TARGETED_DEVICE_FAMILY = "1,2";
			};
			name = Release;
		};
		2C11044F29404A570083C930 /* Debug */ = {
			isa = XCBuildConfiguration;
			buildSettings = {
				ALWAYS_EMBED_SWIFT_STANDARD_LIBRARIES = YES;
				BUNDLE_LOADER = "$(TEST_HOST)";
				CODE_SIGN_STYLE = Automatic;
				CURRENT_PROJECT_VERSION = 1;
				DEVELOPMENT_TEAM = NYZ928TFY4;
				GENERATE_INFOPLIST_FILE = YES;
				IPHONEOS_DEPLOYMENT_TARGET = 15.5;
				MARKETING_VERSION = 1.0;
				PRODUCT_BUNDLE_IDENTIFIER = ADT.DiligenceTests;
				PRODUCT_NAME = "$(TARGET_NAME)";
				SWIFT_EMIT_LOC_STRINGS = NO;
				SWIFT_VERSION = 5.0;
				TARGETED_DEVICE_FAMILY = "1,2";
				TEST_HOST = "$(BUILT_PRODUCTS_DIR)/Diligence.app/Diligence";
			};
			name = Debug;
		};
		2C11045029404A570083C930 /* Release */ = {
			isa = XCBuildConfiguration;
			buildSettings = {
				ALWAYS_EMBED_SWIFT_STANDARD_LIBRARIES = YES;
				BUNDLE_LOADER = "$(TEST_HOST)";
				CODE_SIGN_STYLE = Automatic;
				CURRENT_PROJECT_VERSION = 1;
				DEVELOPMENT_TEAM = NYZ928TFY4;
				GENERATE_INFOPLIST_FILE = YES;
				IPHONEOS_DEPLOYMENT_TARGET = 15.5;
				MARKETING_VERSION = 1.0;
				PRODUCT_BUNDLE_IDENTIFIER = ADT.DiligenceTests;
				PRODUCT_NAME = "$(TARGET_NAME)";
				SWIFT_EMIT_LOC_STRINGS = NO;
				SWIFT_VERSION = 5.0;
				TARGETED_DEVICE_FAMILY = "1,2";
				TEST_HOST = "$(BUILT_PRODUCTS_DIR)/Diligence.app/Diligence";
			};
			name = Release;
		};
		2C11045229404A570083C930 /* Debug */ = {
			isa = XCBuildConfiguration;
			buildSettings = {
				ALWAYS_EMBED_SWIFT_STANDARD_LIBRARIES = YES;
				CODE_SIGN_STYLE = Automatic;
				CURRENT_PROJECT_VERSION = 1;
				DEVELOPMENT_TEAM = NYZ928TFY4;
				GENERATE_INFOPLIST_FILE = YES;
				MARKETING_VERSION = 1.0;
				PRODUCT_BUNDLE_IDENTIFIER = ADT.DiligenceUITests;
				PRODUCT_NAME = "$(TARGET_NAME)";
				SWIFT_EMIT_LOC_STRINGS = NO;
				SWIFT_VERSION = 5.0;
				TARGETED_DEVICE_FAMILY = "1,2";
				TEST_TARGET_NAME = Diligence;
			};
			name = Debug;
		};
		2C11045329404A570083C930 /* Release */ = {
			isa = XCBuildConfiguration;
			buildSettings = {
				ALWAYS_EMBED_SWIFT_STANDARD_LIBRARIES = YES;
				CODE_SIGN_STYLE = Automatic;
				CURRENT_PROJECT_VERSION = 1;
				DEVELOPMENT_TEAM = NYZ928TFY4;
				GENERATE_INFOPLIST_FILE = YES;
				MARKETING_VERSION = 1.0;
				PRODUCT_BUNDLE_IDENTIFIER = ADT.DiligenceUITests;
				PRODUCT_NAME = "$(TARGET_NAME)";
				SWIFT_EMIT_LOC_STRINGS = NO;
				SWIFT_VERSION = 5.0;
				TARGETED_DEVICE_FAMILY = "1,2";
				TEST_TARGET_NAME = Diligence;
			};
			name = Release;
		};
/* End XCBuildConfiguration section */

/* Begin XCConfigurationList section */
		2C11041C29404A550083C930 /* Build configuration list for PBXProject "Diligence" */ = {
			isa = XCConfigurationList;
			buildConfigurations = (
				2C11044929404A570083C930 /* Debug */,
				2C11044A29404A570083C930 /* Release */,
			);
			defaultConfigurationIsVisible = 0;
			defaultConfigurationName = Release;
		};
		2C11044B29404A570083C930 /* Build configuration list for PBXNativeTarget "Diligence" */ = {
			isa = XCConfigurationList;
			buildConfigurations = (
				2C11044C29404A570083C930 /* Debug */,
				2C11044D29404A570083C930 /* Release */,
			);
			defaultConfigurationIsVisible = 0;
			defaultConfigurationName = Release;
		};
		2C11044E29404A570083C930 /* Build configuration list for PBXNativeTarget "DiligenceTests" */ = {
			isa = XCConfigurationList;
			buildConfigurations = (
				2C11044F29404A570083C930 /* Debug */,
				2C11045029404A570083C930 /* Release */,
			);
			defaultConfigurationIsVisible = 0;
			defaultConfigurationName = Release;
		};
		2C11045129404A570083C930 /* Build configuration list for PBXNativeTarget "DiligenceUITests" */ = {
			isa = XCConfigurationList;
			buildConfigurations = (
				2C11045229404A570083C930 /* Debug */,
				2C11045329404A570083C930 /* Release */,
			);
			defaultConfigurationIsVisible = 0;
			defaultConfigurationName = Release;
		};
/* End XCConfigurationList section */
	};
	rootObject = 2C11041929404A550083C930 /* Project object */;
}
